Microsoft Visual Studio Solution File, Format Version 12.00
# Visual Studio Version 17
VisualStudioVersion = 17.5.2.0
MinimumVisualStudioVersion = 10.0.40219.1
Project("{FAE04EC0-301F-11D3-BF4B-00C04F79EFBC}") = "PcfMcpApp.Api", "PcfMcpApp.Api.csproj", "{7A274DF8-59DC-F135-11DA-B1808A762913}"
EndProject
Global
	GlobalSection(SolutionConfigurationPlatforms) = preSolution
		Debug|Any CPU = Debug|Any CPU
		Release|Any CPU = Release|Any CPU
	EndGlobalSection
	GlobalSection(ProjectConfigurationPlatforms) = postSolution
		{7A274DF8-59DC-F135-11DA-B1808A762913}.Debug|Any CPU.ActiveCfg = Debug|Any CPU
		{7A274DF8-59DC-F135-11DA-B1808A762913}.Debug|Any CPU.Build.0 = Debug|Any CPU
		{7A274DF8-59DC-F135-11DA-B1808A762913}.Release|Any CPU.ActiveCfg = Release|Any CPU
		{7A274DF8-59DC-F135-11DA-B1808A762913}.Release|Any CPU.Build.0 = Release|Any CPU
	EndGlobalSection
	GlobalSection(SolutionProperties) = preSolution
		HideSolutionNode = FALSE
	EndGlobalSection
	GlobalSection(ExtensibilityGlobals) = postSolution
		SolutionGuid = {A4F9E6C9-BAC6-4074-B0DA-62F365FDAE78}
	EndGlobalSection
EndGlobal
